
Microsoft Visual Studio Solution File, Format Version 9.00
# Visual Studio 2005
Project("{D2ABAB84-BF74-430A-B69E-9DC6D40DDA17}") = "Cubo", "Cubo\Cubo.dwproj", "{C03CF320-669D-4442-BD74-5D6F2E25ECB4}"
EndProject
Global
	GlobalSection(SolutionConfigurationPlatforms) = preSolution
		Development|Default = Development|Default
	EndGlobalSection
	GlobalSection(ProjectConfigurationPlatforms) = postSolution
		{C03CF320-669D-4442-BD74-5D6F2E25ECB4}.Development|Default.ActiveCfg = Development
		{C03CF320-669D-4442-BD74-5D6F2E25ECB4}.Development|Default.Build.0 = Development
		{C03CF320-669D-4442-BD74-5D6F2E25ECB4}.Development|Default.Deploy.0 = Development
	EndGlobalSection
	GlobalSection(SolutionProperties) = preSolution
		HideSolutionNode = FALSE
	EndGlobalSection
EndGlobal
